// !$*UTF8*$!
{
	archiveVersion = 1;
	classes = {
	};
	objectVersion = 46;
	objects = {

/* Begin PBXBuildFile section */
		4B5245D51A4E9DBD001BEB2D /* Foundation.framework in Frameworks */ = {isa = PBXBuildFile; fileRef = 4B5245D41A4E9DBD001BEB2D /* Foundation.framework */; };
		4B5245D71A4E9DBD001BEB2D /* CoreGraphics.framework in Frameworks */ = {isa = PBXBuildFile; fileRef = 4B5245D61A4E9DBD001BEB2D /* CoreGraphics.framework */; };
		4B5245D91A4E9DBD001BEB2D /* UIKit.framework in Frameworks */ = {isa = PBXBuildFile; fileRef = 4B5245D81A4E9DBD001BEB2D /* UIKit.framework */; };
		4B5245DF1A4E9DBD001BEB2D /* InfoPlist.strings in Resources */ = {isa = PBXBuildFile; fileRef = 4B5245DD1A4E9DBD001BEB2D /* InfoPlist.strings */; };
		4B5245E11A4E9DBD001BEB2D /* main.m in Sources */ = {isa = PBXBuildFile; fileRef = 4B5245E01A4E9DBD001BEB2D /* main.m */; };
		4B5245E51A4E9DBD001BEB2D /* AppDelegate.m in Sources */ = {isa = PBXBuildFile; fileRef = 4B5245E41A4E9DBD001BEB2D /* AppDelegate.m */; };
		4B5245E71A4E9DBD001BEB2D /* Images.xcassets in Resources */ = {isa = PBXBuildFile; fileRef = 4B5245E61A4E9DBD001BEB2D /* Images.xcassets */; };
		4B5245EE1A4E9DBD001BEB2D /* XCTest.framework in Frameworks */ = {isa = PBXBuildFile; fileRef = 4B5245ED1A4E9DBD001BEB2D /* XCTest.framework */; };
		4B5245EF1A4E9DBD001BEB2D /* Foundation.framework in Frameworks */ = {isa = PBXBuildFile; fileRef = 4B5245D41A4E9DBD001BEB2D /* Foundation.framework */; };
		4B5245F01A4E9DBD001BEB2D /* UIKit.framework in Frameworks */ = {isa = PBXBuildFile; fileRef = 4B5245D81A4E9DBD001BEB2D /* UIKit.framework */; };
		4B5245F81A4E9DBD001BEB2D /* InfoPlist.strings in Resources */ = {isa = PBXBuildFile; fileRef = 4B5245F61A4E9DBD001BEB2D /* InfoPlist.strings */; };
		4B5245FA1A4E9DBD001BEB2D /* ScrollowImageSDKTests.m in Sources */ = {isa = PBXBuildFile; fileRef = 4B5245F91A4E9DBD001BEB2D /* ScrollowImageSDKTests.m */; };
		4BA562651A4FAA54002A8D35 /* FirstViewController.m in Sources */ = {isa = PBXBuildFile; fileRef = 4BA562641A4FAA54002A8D35 /* FirstViewController.m */; };
		4BA5626B1A4FACA6002A8D35 /* 1.jpg in Resources */ = {isa = PBXBuildFile; fileRef = 4BA562671A4FACA6002A8D35 /* 1.jpg */; };
		4BA5626C1A4FACA6002A8D35 /* 2.jpg in Resources */ = {isa = PBXBuildFile; fileRef = 4BA562681A4FACA6002A8D35 /* 2.jpg */; };
		4BA5626D1A4FACA6002A8D35 /* 3.jpg in Resources */ = {isa = PBXBuildFile; fileRef = 4BA562691A4FACA6002A8D35 /* 3.jpg */; };
		4BA5626E1A4FACA6002A8D35 /* 4.jpg in Resources */ = {isa = PBXBuildFile; fileRef = 4BA5626A1A4FACA6002A8D35 /* 4.jpg */; };
		4BA562721A501202002A8D35 /* ZQFScrollImageView.m in Sources */ = {isa = PBXBuildFile; fileRef = 4BA562711A501202002A8D35 /* ZQFScrollImageView.m */; };
/* End PBXBuildFile section */

/* Begin PBXContainerItemProxy section */
		4B5245F11A4E9DBD001BEB2D /* PBXContainerItemProxy */ = {
			isa = PBXContainerItemProxy;
			containerPortal = 4B5245C91A4E9DBD001BEB2D /* Project object */;
			proxyType = 1;
			remoteGlobalIDString = 4B5245D01A4E9DBD001BEB2D;
			remoteInfo = ScrollowImageSDK;
		};
/* End PBXContainerItemProxy section */

/* Begin PBXFileReference section */
		4B5245D11A4E9DBD001BEB2D /* ScrollowImageSDK.app */ = {isa = PBXFileReference; explicitFileType = wrapper.application; includeInIndex = 0; path = ScrollowImageSDK.app; sourceTree = BUILT_PRODUCTS_DIR; };
		4B5245D41A4E9DBD001BEB2D /* Foundation.framework */ = {isa = PBXFileReference; lastKnownFileType = wrapper.framework; name = Foundation.framework; path = System/Library/Frameworks/Foundation.framework; sourceTree = SDKROOT; };
		4B5245D61A4E9DBD001BEB2D /* CoreGraphics.framework */ = {isa = PBXFileReference; lastKnownFileType = wrapper.framework; name = CoreGraphics.framework; path = System/Library/Frameworks/CoreGraphics.framework; sourceTree = SDKROOT; };
		4B5245D81A4E9DBD001BEB2D /* UIKit.framework */ = {isa = PBXFileReference; lastKnownFileType = wrapper.framework; name = UIKit.framework; path = System/Library/Frameworks/UIKit.framework; sourceTree = SDKROOT; };
		4B5245DC1A4E9DBD001BEB2D /* ScrollowImageSDK-Info.plist */ = {isa = PBXFileReference; lastKnownFileType = text.plist.xml; path = "ScrollowImageSDK-Info.plist"; sourceTree = "<group>"; };
		4B5245DE1A4E9DBD001BEB2D /* en */ = {isa = PBXFileReference; lastKnownFileType = text.plist.strings; name = en; path = en.lproj/InfoPlist.strings; sourceTree = "<group>"; };
		4B5245E01A4E9DBD001BEB2D /* main.m */ = {isa = PBXFileReference; lastKnownFileType = sourcecode.c.objc; path = main.m; sourceTree = "<group>"; };
		4B5245E21A4E9DBD001BEB2D /* ScrollowImageSDK-Prefix.pch */ = {isa = PBXFileReference; lastKnownFileType = sourcecode.c.h; path = "ScrollowImageSDK-Prefix.pch"; sourceTree = "<group>"; };
		4B5245E31A4E9DBD001BEB2D /* AppDelegate.h */ = {isa = PBXFileReference; lastKnownFileType = sourcecode.c.h; path = AppDelegate.h; sourceTree = "<group>"; };
		4B5245E41A4E9DBD001BEB2D /* AppDelegate.m */ = {isa = PBXFileReference; lastKnownFileType = sourcecode.c.objc; path = AppDelegate.m; sourceTree = "<group>"; };
		4B5245E61A4E9DBD001BEB2D /* Images.xcassets */ = {isa = PBXFileReference; lastKnownFileType = folder.assetcatalog; path = Images.xcassets; sourceTree = "<group>"; };
		4B5245EC1A4E9DBD001BEB2D /* ScrollowImageSDKTests.xctest */ = {isa = PBXFileReference; explicitFileType = wrapper.cfbundle; includeInIndex = 0; path = ScrollowImageSDKTests.xctest; sourceTree = BUILT_PRODUCTS_DIR; };
		4B5245ED1A4E9DBD001BEB2D /* XCTest.framework */ = {isa = PBXFileReference; lastKnownFileType = wrapper.framework; name = XCTest.framework; path = Library/Frameworks/XCTest.framework; sourceTree = DEVELOPER_DIR; };
		4B5245F51A4E9DBD001BEB2D /* ScrollowImageSDKTests-Info.plist */ = {isa = PBXFileReference; lastKnownFileType = text.plist.xml; path = "ScrollowImageSDKTests-Info.plist"; sourceTree = "<group>"; };
		4B5245F71A4E9DBD001BEB2D /* en */ = {isa = PBXFileReference; lastKnownFileType = text.plist.strings; name = en; path = en.lproj/InfoPlist.strings; sourceTree = "<group>"; };
		4B5245F91A4E9DBD001BEB2D /* ScrollowImageSDKTests.m */ = {isa = PBXFileReference; lastKnownFileType = sourcecode.c.objc; path = ScrollowImageSDKTests.m; sourceTree = "<group>"; };
		4BA562631A4FAA54002A8D35 /* FirstViewController.h */ = {isa = PBXFileReference; fileEncoding = 4; lastKnownFileType = sourcecode.c.h; path = FirstViewController.h; sourceTree = "<group>"; };
		4BA562641A4FAA54002A8D35 /* FirstViewController.m */ = {isa = PBXFileReference; fileEncoding = 4; lastKnownFileType = sourcecode.c.objc; path = FirstViewController.m; sourceTree = "<group>"; };
		4BA562671A4FACA6002A8D35 /* 1.jpg */ = {isa = PBXFileReference; lastKnownFileType = image.jpeg; path = 1.jpg; sourceTree = "<group>"; };
		4BA562681A4FACA6002A8D35 /* 2.jpg */ = {isa = PBXFileReference; lastKnownFileType = image.jpeg; path = 2.jpg; sourceTree = "<group>"; };
		4BA562691A4FACA6002A8D35 /* 3.jpg */ = {isa = PBXFileReference; lastKnownFileType = image.jpeg; path = 3.jpg; sourceTree = "<group>"; };
		4BA5626A1A4FACA6002A8D35 /* 4.jpg */ = {isa = PBXFileReference; lastKnownFileType = image.jpeg; path = 4.jpg; sourceTree = "<group>"; };
		4BA562701A501202002A8D35 /* ZQFScrollImageView.h */ = {isa = PBXFileReference; fileEncoding = 4; lastKnownFileType = sourcecode.c.h; path = ZQFScrollImageView.h; sourceTree = "<group>"; };
		4BA562711A501202002A8D35 /* ZQFScrollImageView.m */ = {isa = PBXFileReference; fileEncoding = 4; lastKnownFileType = sourcecode.c.objc; path = ZQFScrollImageView.m; sourceTree = "<group>"; };
/* End PBXFileReference section */

/* Begin PBXFrameworksBuildPhase section */
		4B5245CE1A4E9DBD001BEB2D /* Frameworks */ = {
			isa = PBXFrameworksBuildPhase;
			buildActionMask = 2147483647;
			files = (
				4B5245D71A4E9DBD001BEB2D /* CoreGraphics.framework in Frameworks */,
				4B5245D91A4E9DBD001BEB2D /* UIKit.framework in Frameworks */,
				4B5245D51A4E9DBD001BEB2D /* Foundation.framework in Frameworks */,
			);
			runOnlyForDeploymentPostprocessing = 0;
		};
		4B5245E91A4E9DBD001BEB2D /* Frameworks */ = {
			isa = PBXFrameworksBuildPhase;
			buildActionMask = 2147483647;
			files = (
				4B5245EE1A4E9DBD001BEB2D /* XCTest.framework in Frameworks */,
				4B5245F01A4E9DBD001BEB2D /* UIKit.framework in Frameworks */,
				4B5245EF1A4E9DBD001BEB2D /* Foundation.framework in Frameworks */,
			);
			runOnlyForDeploymentPostprocessing = 0;
		};
/* End PBXFrameworksBuildPhase section */

/* Begin PBXGroup section */
		4B5245C81A4E9DBD001BEB2D = {
			isa = PBXGroup;
			children = (
				4BA5626F1A501202002A8D35 /* ZQFScrollImageView */,
				4BA562661A4FACA6002A8D35 /* images */,
				4B5245DA1A4E9DBD001BEB2D /* ScrollowImageSDK */,
				4B5245F31A4E9DBD001BEB2D /* ScrollowImageSDKTests */,
				4B5245D31A4E9DBD001BEB2D /* Frameworks */,
				4B5245D21A4E9DBD001BEB2D /* Products */,
			);
			sourceTree = "<group>";
		};
		4B5245D21A4E9DBD001BEB2D /* Products */ = {
			isa = PBXGroup;
			children = (
				4B5245D11A4E9DBD001BEB2D /* ScrollowImageSDK.app */,
				4B5245EC1A4E9DBD001BEB2D /* ScrollowImageSDKTests.xctest */,
			);
			name = Products;
			sourceTree = "<group>";
		};
		4B5245D31A4E9DBD001BEB2D /* Frameworks */ = {
			isa = PBXGroup;
			children = (
				4B5245D41A4E9DBD001BEB2D /* Foundation.framework */,
				4B5245D61A4E9DBD001BEB2D /* CoreGraphics.framework */,
				4B5245D81A4E9DBD001BEB2D /* UIKit.framework */,
				4B5245ED1A4E9DBD001BEB2D /* XCTest.framework */,
			);
			name = Frameworks;
			sourceTree = "<group>";
		};
		4B5245DA1A4E9DBD001BEB2D /* ScrollowImageSDK */ = {
			isa = PBXGroup;
			children = (
				4B5245E31A4E9DBD001BEB2D /* AppDelegate.h */,
				4B5245E41A4E9DBD001BEB2D /* AppDelegate.m */,
				4BA562631A4FAA54002A8D35 /* FirstViewController.h */,
				4BA562641A4FAA54002A8D35 /* FirstViewController.m */,
				4B5245E61A4E9DBD001BEB2D /* Images.xcassets */,
				4B5245DB1A4E9DBD001BEB2D /* Supporting Files */,
			);
			path = ScrollowImageSDK;
			sourceTree = "<group>";
		};
		4B5245DB1A4E9DBD001BEB2D /* Supporting Files */ = {
			isa = PBXGroup;
			children = (
				4B5245DC1A4E9DBD001BEB2D /* ScrollowImageSDK-Info.plist */,
				4B5245DD1A4E9DBD001BEB2D /* InfoPlist.strings */,
				4B5245E01A4E9DBD001BEB2D /* main.m */,
				4B5245E21A4E9DBD001BEB2D /* ScrollowImageSDK-Prefix.pch */,
			);
			name = "Supporting Files";
			sourceTree = "<group>";
		};
		4B5245F31A4E9DBD001BEB2D /* ScrollowImageSDKTests */ = {
			isa = PBXGroup;
			children = (
				4B5245F91A4E9DBD001BEB2D /* ScrollowImageSDKTests.m */,
				4B5245F41A4E9DBD001BEB2D /* Supporting Files */,
			);
			path = ScrollowImageSDKTests;
			sourceTree = "<group>";
		};
		4B5245F41A4E9DBD001BEB2D /* Supporting Files */ = {
			isa = PBXGroup;
			children = (
				4B5245F51A4E9DBD001BEB2D /* ScrollowImageSDKTests-Info.plist */,
				4B5245F61A4E9DBD001BEB2D /* InfoPlist.strings */,
			);
			name = "Supporting Files";
			sourceTree = "<group>";
		};
		4BA562661A4FACA6002A8D35 /* images */ = {
			isa = PBXGroup;
			children = (
				4BA562671A4FACA6002A8D35 /* 1.jpg */,
				4BA562681A4FACA6002A8D35 /* 2.jpg */,
				4BA562691A4FACA6002A8D35 /* 3.jpg */,
				4BA5626A1A4FACA6002A8D35 /* 4.jpg */,
			);
			name = images;
			path = ScrollowImageSDK/images;
			sourceTree = "<group>";
		};
		4BA5626F1A501202002A8D35 /* ZQFScrollImageView */ = {
			isa = PBXGroup;
			children = (
				4BA562701A501202002A8D35 /* ZQFScrollImageView.h */,
				4BA562711A501202002A8D35 /* ZQFScrollImageView.m */,
			);
			path = ZQFScrollImageView;
			sourceTree = "<group>";
		};
/* End PBXGroup section */

/* Begin PBXNativeTarget section */
		4B5245D01A4E9DBD001BEB2D /* ScrollowImageSDK */ = {
			isa = PBXNativeTarget;
			buildConfigurationList = 4B5245FD1A4E9DBD001BEB2D /* Build configuration list for PBXNativeTarget "ScrollowImageSDK" */;
			buildPhases = (
				4B5245CD1A4E9DBD001BEB2D /* Sources */,
				4B5245CE1A4E9DBD001BEB2D /* Frameworks */,
				4B5245CF1A4E9DBD001BEB2D /* Resources */,
			);
			buildRules = (
			);
			dependencies = (
			);
			name = ScrollowImageSDK;
			productName = ScrollowImageSDK;
			productReference = 4B5245D11A4E9DBD001BEB2D /* ScrollowImageSDK.app */;
			productType = "com.apple.product-type.application";
		};
		4B5245EB1A4E9DBD001BEB2D /* ScrollowImageSDKTests */ = {
			isa = PBXNativeTarget;
			buildConfigurationList = 4B5246001A4E9DBD001BEB2D /* Build configuration list for PBXNativeTarget "ScrollowImageSDKTests" */;
			buildPhases = (
				4B5245E81A4E9DBD001BEB2D /* Sources */,
				4B5245E91A4E9DBD001BEB2D /* Frameworks */,
				4B5245EA1A4E9DBD001BEB2D /* Resources */,
			);
			buildRules = (
			);
			dependencies = (
				4B5245F21A4E9DBD001BEB2D /* PBXTargetDependency */,
			);
			name = ScrollowImageSDKTests;
			productName = ScrollowImageSDKTests;
			productReference = 4B5245EC1A4E9DBD001BEB2D /* ScrollowImageSDKTests.xctest */;
			productType = "com.apple.product-type.bundle.unit-test";
		};
/* End PBXNativeTarget section */

/* Begin PBXProject section */
		4B5245C91A4E9DBD001BEB2D /* Project object */ = {
			isa = PBXProject;
			attributes = {
				LastUpgradeCheck = 0510;
				ORGANIZATIONNAME = zengqingfu;
				TargetAttributes = {
					4B5245EB1A4E9DBD001BEB2D = {
						TestTargetID = 4B5245D01A4E9DBD001BEB2D;
					};
				};
			};
			buildConfigurationList = 4B5245CC1A4E9DBD001BEB2D /* Build configuration list for PBXProject "ScrollowImageSDK" */;
			compatibilityVersion = "Xcode 3.2";
			developmentRegion = English;
			hasScannedForEncodings = 0;
			knownRegions = (
				en,
			);
			mainGroup = 4B5245C81A4E9DBD001BEB2D;
			productRefGroup = 4B5245D21A4E9DBD001BEB2D /* Products */;
			projectDirPath = "";
			projectRoot = "";
			targets = (
				4B5245D01A4E9DBD001BEB2D /* ScrollowImageSDK */,
				4B5245EB1A4E9DBD001BEB2D /* ScrollowImageSDKTests */,
			);
		};
/* End PBXProject section */

/* Begin PBXResourcesBuildPhase section */
		4B5245CF1A4E9DBD001BEB2D /* Resources */ = {
			isa = PBXResourcesBuildPhase;
			buildActionMask = 2147483647;
			files = (
				4BA5626E1A4FACA6002A8D35 /* 4.jpg in Resources */,
				4BA5626D1A4FACA6002A8D35 /* 3.jpg in Resources */,
				4BA5626B1A4FACA6002A8D35 /* 1.jpg in Resources */,
				4B5245DF1A4E9DBD001BEB2D /* InfoPlist.strings in Resources */,
				4BA5626C1A4FACA6002A8D35 /* 2.jpg in Resources */,
				4B5245E71A4E9DBD001BEB2D /* Images.xcassets in Resources */,
			);
			runOnlyForDeploymentPostprocessing = 0;
		};
		4B5245EA1A4E9DBD001BEB2D /* Resources */ = {
			isa = PBXResourcesBuildPhase;
			buildActionMask = 2147483647;
			files = (
				4B5245F81A4E9DBD001BEB2D /* InfoPlist.strings in Resources */,
			);
			runOnlyForDeploymentPostprocessing = 0;
		};
/* End PBXResourcesBuildPhase section */

/* Begin PBXSourcesBuildPhase section */
		4B5245CD1A4E9DBD001BEB2D /* Sources */ = {
			isa = PBXSourcesBuildPhase;
			buildActionMask = 2147483647;
			files = (
				4B5245E51A4E9DBD001BEB2D /* AppDelegate.m in Sources */,
				4BA562721A501202002A8D35 /* ZQFScrollImageView.m in Sources */,
				4B5245E11A4E9DBD001BEB2D /* main.m in Sources */,
				4BA562651A4FAA54002A8D35 /* FirstViewController.m in Sources */,
			);
			runOnlyForDeploymentPostprocessing = 0;
		};
		4B5245E81A4E9DBD001BEB2D /* Sources */ = {
			isa = PBXSourcesBuildPhase;
			buildActionMask = 2147483647;
			files = (
				4B5245FA1A4E9DBD001BEB2D /* ScrollowImageSDKTests.m in Sources */,
			);
			runOnlyForDeploymentPostprocessing = 0;
		};
/* End PBXSourcesBuildPhase section */

/* Begin PBXTargetDependency section */
		4B5245F21A4E9DBD001BEB2D /* PBXTargetDependency */ = {
			isa = PBXTargetDependency;
			target = 4B5245D01A4E9DBD001BEB2D /* ScrollowImageSDK */;
			targetProxy = 4B5245F11A4E9DBD001BEB2D /* PBXContainerItemProxy */;
		};
/* End PBXTargetDependency section */

/* Begin PBXVariantGroup section */
		4B5245DD1A4E9DBD001BEB2D /* InfoPlist.strings */ = {
			isa = PBXVariantGroup;
			children = (
				4B5245DE1A4E9DBD001BEB2D /* en */,
			);
			name = InfoPlist.strings;
			sourceTree = "<group>";
		};
		4B5245F61A4E9DBD001BEB2D /* InfoPlist.strings */ = {
			isa = PBXVariantGroup;
			children = (
				4B5245F71A4E9DBD001BEB2D /* en */,
			);
			name = InfoPlist.strings;
			sourceTree = "<group>";
		};
/* End PBXVariantGroup section */

/* Begin XCBuildConfiguration section */
		4B5245FB1A4E9DBD001BEB2D /* Debug */ = {
			isa = XCBuildConfiguration;
			buildSettings = {
				ALWAYS_SEARCH_USER_PATHS = NO;
				CLANG_CXX_LANGUAGE_STANDARD = "gnu++0x";
				CLANG_CXX_LIBRARY = "libc++";
				CLANG_ENABLE_MODULES = YES;
				CLANG_ENABLE_OBJC_ARC = YES;
				CLANG_WARN_BOOL_CONVERSION = YES;
				CLANG_WARN_CONSTANT_CONVERSION = YES;
				CLANG_WARN_DIRECT_OBJC_ISA_USAGE = YES_ERROR;
				CLANG_WARN_EMPTY_BODY = YES;
				CLANG_WARN_ENUM_CONVERSION = YES;
				CLANG_WARN_INT_CONVERSION = YES;
				CLANG_WARN_OBJC_ROOT_CLASS = YES_ERROR;
				CLANG_WARN__DUPLICATE_METHOD_MATCH = YES;
				"CODE_SIGN_IDENTITY[sdk=iphoneos*]" = "iPhone Developer";
				COPY_PHASE_STRIP = NO;
				GCC_C_LANGUAGE_STANDARD = gnu99;
				GCC_DYNAMIC_NO_PIC = NO;
				GCC_OPTIMIZATION_LEVEL = 0;
				GCC_PREPROCESSOR_DEFINITIONS = (
					"DEBUG=1",
					"$(inherited)",
				);
				GCC_SYMBOLS_PRIVATE_EXTERN = NO;
				GCC_WARN_64_TO_32_BIT_CONVERSION = YES;
				GCC_WARN_ABOUT_RETURN_TYPE = YES_ERROR;
				GCC_WARN_UNDECLARED_SELECTOR = YES;
				GCC_WARN_UNINITIALIZED_AUTOS = YES_AGGRESSIVE;
				GCC_WARN_UNUSED_FUNCTION = YES;
				GCC_WARN_UNUSED_VARIABLE = YES;
				IPHONEOS_DEPLOYMENT_TARGET = 7.1;
				ONLY_ACTIVE_ARCH = YES;
				SDKROOT = iphoneos;
			};
			name = Debug;
		};
		4B5245FC1A4E9DBD001BEB2D /* Release */ = {
			isa = XCBuildConfiguration;
			buildSettings = {
				ALWAYS_SEARCH_USER_PATHS = NO;
				CLANG_CXX_LANGUAGE_STANDARD = "gnu++0x";
				CLANG_CXX_LIBRARY = "libc++";
				CLANG_ENABLE_MODULES = YES;
				CLANG_ENABLE_OBJC_ARC = YES;
				CLANG_WARN_BOOL_CONVERSION = YES;
				CLANG_WARN_CONSTANT_CONVERSION = YES;
				CLANG_WARN_DIRECT_OBJC_ISA_USAGE = YES_ERROR;
				CLANG_WARN_EMPTY_BODY = YES;
				CLANG_WARN_ENUM_CONVERSION = YES;
				CLANG_WARN_INT_CONVERSION = YES;
				CLANG_WARN_OBJC_ROOT_CLASS = YES_ERROR;
				CLANG_WARN__DUPLICATE_METHOD_MATCH = YES;
				"CODE_SIGN_IDENTITY[sdk=iphoneos*]" = "iPhone Developer";
				COPY_PHASE_STRIP = YES;
				ENABLE_NS_ASSERTIONS = NO;
				GCC_C_LANGUAGE_STANDARD = gnu99;
				GCC_WARN_64_TO_32_BIT_CONVERSION = YES;
				GCC_WARN_ABOUT_RETURN_TYPE = YES_ERROR;
				GCC_WARN_UNDECLARED_SELECTOR = YES;
				GCC_WARN_UNINITIALIZED_AUTOS = YES_AGGRESSIVE;
				GCC_WARN_UNUSED_FUNCTION = YES;
				GCC_WARN_UNUSED_VARIABLE = YES;
				IPHONEOS_DEPLOYMENT_TARGET = 7.1;
				SDKROOT = iphoneos;
				VALIDATE_PRODUCT = YES;
			};
			name = Release;
		};
		4B5245FE1A4E9DBD001BEB2D /* Debug */ = {
			isa = XCBuildConfiguration;
			buildSettings = {
				ASSETCATALOG_COMPILER_APPICON_NAME = AppIcon;
				ASSETCATALOG_COMPILER_LAUNCHIMAGE_NAME = LaunchImage;
				GCC_PRECOMPILE_PREFIX_HEADER = YES;
				GCC_PREFIX_HEADER = "ScrollowImageSDK/ScrollowImageSDK-Prefix.pch";
				INFOPLIST_FILE = "ScrollowImageSDK/ScrollowImageSDK-Info.plist";
				PRODUCT_NAME = "$(TARGET_NAME)";
				WRAPPER_EXTENSION = app;
			};
			name = Debug;
		};
		4B5245FF1A4E9DBD001BEB2D /* Release */ = {
			isa = XCBuildConfiguration;
			buildSettings = {
				ASSETCATALOG_COMPILER_APPICON_NAME = AppIcon;
				ASSETCATALOG_COMPILER_LAUNCHIMAGE_NAME = LaunchImage;
				GCC_PRECOMPILE_PREFIX_HEADER = YES;
				GCC_PREFIX_HEADER = "ScrollowImageSDK/ScrollowImageSDK-Prefix.pch";
				INFOPLIST_FILE = "ScrollowImageSDK/ScrollowImageSDK-Info.plist";
				PRODUCT_NAME = "$(TARGET_NAME)";
				WRAPPER_EXTENSION = app;
			};
			name = Release;
		};
		4B5246011A4E9DBD001BEB2D /* Debug */ = {
			isa = XCBuildConfiguration;
			buildSettings = {
				BUNDLE_LOADER = "$(BUILT_PRODUCTS_DIR)/ScrollowImageSDK.app/ScrollowImageSDK";
				FRAMEWORK_SEARCH_PATHS = (
					"$(SDKROOT)/Developer/Library/Frameworks",
					"$(inherited)",
					"$(DEVELOPER_FRAMEWORKS_DIR)",
				);
				GCC_PRECOMPILE_PREFIX_HEADER = YES;
				GCC_PREFIX_HEADER = "ScrollowImageSDK/ScrollowImageSDK-Prefix.pch";
				GCC_PREPROCESSOR_DEFINITIONS = (
					"DEBUG=1",
					"$(inherited)",
				);
				INFOPLIST_FILE = "ScrollowImageSDKTests/ScrollowImageSDKTests-Info.plist";
				PRODUCT_NAME = "$(TARGET_NAME)";
				TEST_HOST = "$(BUNDLE_LOADER)";
				WRAPPER_EXTENSION = xctest;
			};
			name = Debug;
		};
		4B5246021A4E9DBD001BEB2D /* Release */ = {
			isa = XCBuildConfiguration;
			buildSettings = {
				BUNDLE_LOADER = "$(BUILT_PRODUCTS_DIR)/ScrollowImageSDK.app/ScrollowImageSDK";
				FRAMEWORK_SEARCH_PATHS = (
					"$(SDKROOT)/Developer/Library/Frameworks",
					"$(inherited)",
					"$(DEVELOPER_FRAMEWORKS_DIR)",
				);
				GCC_PRECOMPILE_PREFIX_HEADER = YES;
				GCC_PREFIX_HEADER = "ScrollowImageSDK/ScrollowImageSDK-Prefix.pch";
				INFOPLIST_FILE = "ScrollowImageSDKTests/ScrollowImageSDKTests-Info.plist";
				PRODUCT_NAME = "$(TARGET_NAME)";
				TEST_HOST = "$(BUNDLE_LOADER)";
				WRAPPER_EXTENSION = xctest;
			};
			name = Release;
		};
/* End XCBuildConfiguration section */

/* Begin XCConfigurationList section */
		4B5245CC1A4E9DBD001BEB2D /* Build configuration list for PBXProject "ScrollowImageSDK" */ = {
			isa = XCConfigurationList;
			buildConfigurations = (
				4B5245FB1A4E9DBD001BEB2D /* Debug */,
				4B5245FC1A4E9DBD001BEB2D /* Release */,
			);
			defaultConfigurationIsVisible = 0;
			defaultConfigurationName = Release;
		};
		4B5245FD1A4E9DBD001BEB2D /* Build configuration list for PBXNativeTarget "ScrollowImageSDK" */ = {
			isa = XCConfigurationList;
			buildConfigurations = (
				4B5245FE1A4E9DBD001BEB2D /* Debug */,
				4B5245FF1A4E9DBD001BEB2D /* Release */,
			);
			defaultConfigurationIsVisible = 0;
			defaultConfigurationName = Release;
		};
		4B5246001A4E9DBD001BEB2D /* Build configuration list for PBXNativeTarget "ScrollowImageSDKTests" */ = {
			isa = XCConfigurationList;
			buildConfigurations = (
				4B5246011A4E9DBD001BEB2D /* Debug */,
				4B5246021A4E9DBD001BEB2D /* Release */,
			);
			defaultConfigurationIsVisible = 0;
			defaultConfigurationName = Release;
		};
/* End XCConfigurationList section */
	};
	rootObject = 4B5245C91A4E9DBD001BEB2D /* Project object */;
}
